// !$*UTF8*$!
{
	archiveVersion = 1;
	classes = {
	};
	objectVersion = 56;
	objects = {

/* Begin PBXBuildFile section */
		5633CC002B6D08F5008EE082 /* main.cpp in Sources */ = {isa = PBXBuildFile; fileRef = 5633CBFF2B6D08F5008EE082 /* main.cpp */; };
		5633CC172B6D09A2008EE082 /* buffer.cpp in Sources */ = {isa = PBXBuildFile; fileRef = 5633CC112B6D0996008EE082 /* buffer.cpp */; };
		5633CC182B6D09A2008EE082 /* mapfile.cpp in Sources */ = {isa = PBXBuildFile; fileRef = 5633CC122B6D0996008EE082 /* mapfile.cpp */; };
		5633CC192B6D09A2008EE082 /* timeutil.cpp in Sources */ = {isa = PBXBuildFile; fileRef = 5633CC102B6D0996008EE082 /* timeutil.cpp */; };
		5633CC1C2B6D09B6008EE082 /* StatusController.cpp in Sources */ = {isa = PBXBuildFile; fileRef = 5633CC1B2B6D09B6008EE082 /* StatusController.cpp */; };
/* End PBXBuildFile section */

/* Begin PBXCopyFilesBuildPhase section */
		5633CBFA2B6D08F5008EE082 /* CopyFiles */ = {
			isa = PBXCopyFilesBuildPhase;
			buildActionMask = 2147483647;
			dstPath = /usr/share/man/man1/;
			dstSubfolderSpec = 0;
			files = (
			);
			runOnlyForDeploymentPostprocessing = 1;
		};
/* End PBXCopyFilesBuildPhase section */

/* Begin PBXFileReference section */
		5633CBFC2B6D08F5008EE082 /* SetLed */ = {isa = PBXFileReference; explicitFileType = "compiled.mach-o.executable"; includeInIndex = 0; path = SetLed; sourceTree = BUILT_PRODUCTS_DIR; };
		5633CBFF2B6D08F5008EE082 /* main.cpp */ = {isa = PBXFileReference; lastKnownFileType = sourcecode.cpp.cpp; path = main.cpp; sourceTree = "<group>"; };
		5633CC062B6D0996008EE082 /* CMakeLists.txt */ = {isa = PBXFileReference; lastKnownFileType = text; path = CMakeLists.txt; sourceTree = "<group>"; };
		5633CC072B6D0996008EE082 /* .gitignore */ = {isa = PBXFileReference; lastKnownFileType = text; path = .gitignore; sourceTree = "<group>"; };
		5633CC082B6D0996008EE082 /* AUTHORS */ = {isa = PBXFileReference; lastKnownFileType = text; path = AUTHORS; sourceTree = "<group>"; };
		5633CC092B6D0996008EE082 /* BUILDING.txt */ = {isa = PBXFileReference; lastKnownFileType = text; path = BUILDING.txt; sourceTree = "<group>"; };
		5633CC0B2B6D0996008EE082 /* client.cfg */ = {isa = PBXFileReference; lastKnownFileType = text; path = client.cfg; sourceTree = "<group>"; };
		5633CC0C2B6D0996008EE082 /* LICENSE */ = {isa = PBXFileReference; lastKnownFileType = text; path = LICENSE; sourceTree = "<group>"; };
		5633CC0F2B6D0996008EE082 /* mapfile.hpp */ = {isa = PBXFileReference; lastKnownFileType = sourcecode.cpp.h; path = mapfile.hpp; sourceTree = "<group>"; };
		5633CC102B6D0996008EE082 /* timeutil.cpp */ = {isa = PBXFileReference; lastKnownFileType = sourcecode.cpp.cpp; path = timeutil.cpp; sourceTree = "<group>"; };
		5633CC112B6D0996008EE082 /* buffer.cpp */ = {isa = PBXFileReference; lastKnownFileType = sourcecode.cpp.cpp; path = buffer.cpp; sourceTree = "<group>"; };
		5633CC122B6D0996008EE082 /* mapfile.cpp */ = {isa = PBXFileReference; lastKnownFileType = sourcecode.cpp.cpp; path = mapfile.cpp; sourceTree = "<group>"; };
		5633CC132B6D0996008EE082 /* timeutil.hpp */ = {isa = PBXFileReference; lastKnownFileType = sourcecode.cpp.h; path = timeutil.hpp; sourceTree = "<group>"; };
		5633CC142B6D0996008EE082 /* strutil.hpp */ = {isa = PBXFileReference; lastKnownFileType = sourcecode.cpp.h; path = strutil.hpp; sourceTree = "<group>"; };
		5633CC152B6D0996008EE082 /* dbgutil.hpp */ = {isa = PBXFileReference; lastKnownFileType = sourcecode.cpp.h; path = dbgutil.hpp; sourceTree = "<group>"; };
		5633CC162B6D0996008EE082 /* buffer.hpp */ = {isa = PBXFileReference; lastKnownFileType = sourcecode.cpp.h; path = buffer.hpp; sourceTree = "<group>"; };
		5633CC1A2B6D09B6008EE082 /* StatusController.hpp */ = {isa = PBXFileReference; fileEncoding = 4; lastKnownFileType = sourcecode.cpp.h; path = StatusController.hpp; sourceTree = "<group>"; };
		5633CC1B2B6D09B6008EE082 /* StatusController.cpp */ = {isa = PBXFileReference; fileEncoding = 4; lastKnownFileType = sourcecode.cpp.cpp; path = StatusController.cpp; sourceTree = "<group>"; };
/* End PBXFileReference section */

/* Begin PBXFrameworksBuildPhase section */
		5633CBF92B6D08F5008EE082 /* Frameworks */ = {
			isa = PBXFrameworksBuildPhase;
			buildActionMask = 2147483647;
			files = (
			);
			runOnlyForDeploymentPostprocessing = 0;
		};
/* End PBXFrameworksBuildPhase section */

/* Begin PBXGroup section */
		5633CBF32B6D08F5008EE082 = {
			isa = PBXGroup;
			children = (
				5633CC072B6D0996008EE082 /* .gitignore */,
				5633CC082B6D0996008EE082 /* AUTHORS */,
				5633CC092B6D0996008EE082 /* BUILDING.txt */,
				5633CC062B6D0996008EE082 /* CMakeLists.txt */,
				5633CC0D2B6D0996008EE082 /* common */,
				5633CC0A2B6D0996008EE082 /* examples */,
				5633CC0C2B6D0996008EE082 /* LICENSE */,
				5633CBFE2B6D08F5008EE082 /* SetLed */,
				5633CBFD2B6D08F5008EE082 /* Products */,
			);
			sourceTree = "<group>";
		};
		5633CBFD2B6D08F5008EE082 /* Products */ = {
			isa = PBXGroup;
			children = (
				5633CBFC2B6D08F5008EE082 /* SetLed */,
			);
			name = Products;
			sourceTree = "<group>";
		};
		5633CBFE2B6D08F5008EE082 /* SetLed */ = {
			isa = PBXGroup;
			children = (
				5633CC1B2B6D09B6008EE082 /* StatusController.cpp */,
				5633CC1A2B6D09B6008EE082 /* StatusController.hpp */,
				5633CBFF2B6D08F5008EE082 /* main.cpp */,
			);
			path = SetLed;
			sourceTree = "<group>";
		};
		5633CC0A2B6D0996008EE082 /* examples */ = {
			isa = PBXGroup;
			children = (
				5633CC0B2B6D0996008EE082 /* client.cfg */,
			);
			path = examples;
			sourceTree = "<group>";
		};
		5633CC0D2B6D0996008EE082 /* common */ = {
			isa = PBXGroup;
			children = (
				5633CC0E2B6D0996008EE082 /* utility */,
			);
			path = common;
			sourceTree = "<group>";
		};
		5633CC0E2B6D0996008EE082 /* utility */ = {
			isa = PBXGroup;
			children = (
				5633CC0F2B6D0996008EE082 /* mapfile.hpp */,
				5633CC102B6D0996008EE082 /* timeutil.cpp */,
				5633CC112B6D0996008EE082 /* buffer.cpp */,
				5633CC122B6D0996008EE082 /* mapfile.cpp */,
				5633CC132B6D0996008EE082 /* timeutil.hpp */,
				5633CC142B6D0996008EE082 /* strutil.hpp */,
				5633CC152B6D0996008EE082 /* dbgutil.hpp */,
				5633CC162B6D0996008EE082 /* buffer.hpp */,
			);
			path = utility;
			sourceTree = "<group>";
		};
/* End PBXGroup section */

/* Begin PBXNativeTarget section */
		5633CBFB2B6D08F5008EE082 /* SetLed */ = {
			isa = PBXNativeTarget;
			buildConfigurationList = 5633CC032B6D08F5008EE082 /* Build configuration list for PBXNativeTarget "SetLed" */;
			buildPhases = (
				5633CBF82B6D08F5008EE082 /* Sources */,
				5633CBF92B6D08F5008EE082 /* Frameworks */,
				5633CBFA2B6D08F5008EE082 /* CopyFiles */,
			);
			buildRules = (
			);
			dependencies = (
			);
			name = SetLed;
			productName = SetLed;
			productReference = 5633CBFC2B6D08F5008EE082 /* SetLed */;
			productType = "com.apple.product-type.tool";
		};
/* End PBXNativeTarget section */

/* Begin PBXProject section */
		5633CBF42B6D08F5008EE082 /* Project object */ = {
			isa = PBXProject;
			attributes = {
				BuildIndependentTargetsInParallel = 1;
				LastUpgradeCheck = 1520;
				ORGANIZATIONNAME = "Charles Kerr";
				TargetAttributes = {
					5633CBFB2B6D08F5008EE082 = {
						CreatedOnToolsVersion = 15.2;
					};
				};
			};
			buildConfigurationList = 5633CBF72B6D08F5008EE082 /* Build configuration list for PBXProject "SetLed" */;
			compatibilityVersion = "Xcode 14.0";
			developmentRegion = en;
			hasScannedForEncodings = 0;
			knownRegions = (
				en,
				Base,
			);
			mainGroup = 5633CBF32B6D08F5008EE082;
			productRefGroup = 5633CBFD2B6D08F5008EE082 /* Products */;
			projectDirPath = "";
			projectRoot = "";
			targets = (
				5633CBFB2B6D08F5008EE082 /* SetLed */,
			);
		};
/* End PBXProject section */

/* Begin PBXSourcesBuildPhase section */
		5633CBF82B6D08F5008EE082 /* Sources */ = {
			isa = PBXSourcesBuildPhase;
			buildActionMask = 2147483647;
			files = (
				5633CC002B6D08F5008EE082 /* main.cpp in Sources */,
				5633CC182B6D09A2008EE082 /* mapfile.cpp in Sources */,
				5633CC192B6D09A2008EE082 /* timeutil.cpp in Sources */,
				5633CC1C2B6D09B6008EE082 /* StatusController.cpp in Sources */,
				5633CC172B6D09A2008EE082 /* buffer.cpp in Sources */,
			);
			runOnlyForDeploymentPostprocessing = 0;
		};
/* End PBXSourcesBuildPhase section */

/* Begin XCBuildConfiguration section */
		5633CC012B6D08F5008EE082 /* Debug */ = {
			isa = XCBuildConfiguration;
			buildSettings = {
				ALWAYS_SEARCH_USER_PATHS = NO;
				ASSETCATALOG_COMPILER_GENERATE_SWIFT_ASSET_SYMBOL_EXTENSIONS = YES;
				CLANG_ANALYZER_NONNULL = YES;
				CLANG_ANALYZER_NUMBER_OBJECT_CONVERSION = YES_AGGRESSIVE;
				CLANG_CXX_LANGUAGE_STANDARD = "gnu++20";
				CLANG_ENABLE_MODULES = YES;
				CLANG_ENABLE_OBJC_ARC = YES;
				CLANG_ENABLE_OBJC_WEAK = YES;
				CLANG_WARN_BLOCK_CAPTURE_AUTORELEASING = YES;
				CLANG_WARN_BOOL_CONVERSION = YES;
				CLANG_WARN_COMMA = YES;
				CLANG_WARN_CONSTANT_CONVERSION = YES;
				CLANG_WARN_DEPRECATED_OBJC_IMPLEMENTATIONS = YES;
				CLANG_WARN_DIRECT_OBJC_ISA_USAGE = YES_ERROR;
				CLANG_WARN_DOCUMENTATION_COMMENTS = YES;
				CLANG_WARN_EMPTY_BODY = YES;
				CLANG_WARN_ENUM_CONVERSION = YES;
				CLANG_WARN_INFINITE_RECURSION = YES;
				CLANG_WARN_INT_CONVERSION = YES;
				CLANG_WARN_NON_LITERAL_NULL_CONVERSION = YES;
				CLANG_WARN_OBJC_IMPLICIT_RETAIN_SELF = YES;
				CLANG_WARN_OBJC_LITERAL_CONVERSION = YES;
				CLANG_WARN_OBJC_ROOT_CLASS = YES_ERROR;
				CLANG_WARN_QUOTED_INCLUDE_IN_FRAMEWORK_HEADER = YES;
				CLANG_WARN_RANGE_LOOP_ANALYSIS = YES;
				CLANG_WARN_STRICT_PROTOTYPES = YES;
				CLANG_WARN_SUSPICIOUS_MOVE = YES;
				CLANG_WARN_UNGUARDED_AVAILABILITY = YES_AGGRESSIVE;
				CLANG_WARN_UNREACHABLE_CODE = YES;
				CLANG_WARN__DUPLICATE_METHOD_MATCH = YES;
				COPY_PHASE_STRIP = NO;
				DEBUG_INFORMATION_FORMAT = dwarf;
				ENABLE_STRICT_OBJC_MSGSEND = YES;
				ENABLE_TESTABILITY = YES;
				ENABLE_USER_SCRIPT_SANDBOXING = YES;
				GCC_C_LANGUAGE_STANDARD = gnu17;
				GCC_DYNAMIC_NO_PIC = NO;
				GCC_NO_COMMON_BLOCKS = YES;
				GCC_OPTIMIZATION_LEVEL = 0;
				GCC_PREPROCESSOR_DEFINITIONS = (
					"DEBUG=1",
					"$(inherited)",
				);
				GCC_WARN_64_TO_32_BIT_CONVERSION = YES;
				GCC_WARN_ABOUT_RETURN_TYPE = YES_ERROR;
				GCC_WARN_UNDECLARED_SELECTOR = YES;
				GCC_WARN_UNINITIALIZED_AUTOS = YES_AGGRESSIVE;
				GCC_WARN_UNUSED_FUNCTION = YES;
				GCC_WARN_UNUSED_VARIABLE = YES;
				LOCALIZATION_PREFERS_STRING_CATALOGS = YES;
				MACOSX_DEPLOYMENT_TARGET = 14.2;
				MTL_ENABLE_DEBUG_INFO = INCLUDE_SOURCE;
				MTL_FAST_MATH = YES;
				ONLY_ACTIVE_ARCH = YES;
				SDKROOT = macosx;
				USER_HEADER_SEARCH_PATHS = (
					$PROJECT_DIR/SetLed,
					$PROJECT_DIR/common,
				);
			};
			name = Debug;
		};
		5633CC022B6D08F5008EE082 /* Release */ = {
			isa = XCBuildConfiguration;
			buildSettings = {
				ALWAYS_SEARCH_USER_PATHS = NO;
				ASSETCATALOG_COMPILER_GENERATE_SWIFT_ASSET_SYMBOL_EXTENSIONS = YES;
				CLANG_ANALYZER_NONNULL = YES;
				CLANG_ANALYZER_NUMBER_OBJECT_CONVERSION = YES_AGGRESSIVE;
				CLANG_CXX_LANGUAGE_STANDARD = "gnu++20";
				CLANG_ENABLE_MODULES = YES;
				CLANG_ENABLE_OBJC_ARC = YES;
				CLANG_ENABLE_OBJC_WEAK = YES;
				CLANG_WARN_BLOCK_CAPTURE_AUTORELEASING = YES;
				CLANG_WARN_BOOL_CONVERSION = YES;
				CLANG_WARN_COMMA = YES;
				CLANG_WARN_CONSTANT_CONVERSION = YES;
				CLANG_WARN_DEPRECATED_OBJC_IMPLEMENTATIONS = YES;
				CLANG_WARN_DIRECT_OBJC_ISA_USAGE = YES_ERROR;
				CLANG_WARN_DOCUMENTATION_COMMENTS = YES;
				CLANG_WARN_EMPTY_BODY = YES;
				CLANG_WARN_ENUM_CONVERSION = YES;
				CLANG_WARN_INFINITE_RECURSION = YES;
				CLANG_WARN_INT_CONVERSION = YES;
				CLANG_WARN_NON_LITERAL_NULL_CONVERSION = YES;
				CLANG_WARN_OBJC_IMPLICIT_RETAIN_SELF = YES;
				CLANG_WARN_OBJC_LITERAL_CONVERSION = YES;
				CLANG_WARN_OBJC_ROOT_CLASS = YES_ERROR;
				CLANG_WARN_QUOTED_INCLUDE_IN_FRAMEWORK_HEADER = YES;
				CLANG_WARN_RANGE_LOOP_ANALYSIS = YES;
				CLANG_WARN_STRICT_PROTOTYPES = YES;
				CLANG_WARN_SUSPICIOUS_MOVE = YES;
				CLANG_WARN_UNGUARDED_AVAILABILITY = YES_AGGRESSIVE;
				CLANG_WARN_UNREACHABLE_CODE = YES;
				CLANG_WARN__DUPLICATE_METHOD_MATCH = YES;
				COPY_PHASE_STRIP = NO;
				DEBUG_INFORMATION_FORMAT = "dwarf-with-dsym";
				ENABLE_NS_ASSERTIONS = NO;
				ENABLE_STRICT_OBJC_MSGSEND = YES;
				ENABLE_USER_SCRIPT_SANDBOXING = YES;
				GCC_C_LANGUAGE_STANDARD = gnu17;
				GCC_NO_COMMON_BLOCKS = YES;
				GCC_WARN_64_TO_32_BIT_CONVERSION = YES;
				GCC_WARN_ABOUT_RETURN_TYPE = YES_ERROR;
				GCC_WARN_UNDECLARED_SELECTOR = YES;
				GCC_WARN_UNINITIALIZED_AUTOS = YES_AGGRESSIVE;
				GCC_WARN_UNUSED_FUNCTION = YES;
				GCC_WARN_UNUSED_VARIABLE = YES;
				LOCALIZATION_PREFERS_STRING_CATALOGS = YES;
				MACOSX_DEPLOYMENT_TARGET = 14.2;
				MTL_ENABLE_DEBUG_INFO = NO;
				MTL_FAST_MATH = YES;
				SDKROOT = macosx;
				USER_HEADER_SEARCH_PATHS = (
					$PROJECT_DIR/SetLed,
					$PROJECT_DIR/common,
				);
			};
			name = Release;
		};
		5633CC042B6D08F5008EE082 /* Debug */ = {
			isa = XCBuildConfiguration;
			buildSettings = {
				CODE_SIGN_STYLE = Automatic;
				DEVELOPMENT_TEAM = CF264WE69M;
				ENABLE_HARDENED_RUNTIME = YES;
				PRODUCT_NAME = "$(TARGET_NAME)";
			};
			name = Debug;
		};
		5633CC052B6D08F5008EE082 /* Release */ = {
			isa = XCBuildConfiguration;
			buildSettings = {
				CODE_SIGN_STYLE = Automatic;
				DEVELOPMENT_TEAM = CF264WE69M;
				ENABLE_HARDENED_RUNTIME = YES;
				PRODUCT_NAME = "$(TARGET_NAME)";
			};
			name = Release;
		};
/* End XCBuildConfiguration section */

/* Begin XCConfigurationList section */
		5633CBF72B6D08F5008EE082 /* Build configuration list for PBXProject "SetLed" */ = {
			isa = XCConfigurationList;
			buildConfigurations = (
				5633CC012B6D08F5008EE082 /* Debug */,
				5633CC022B6D08F5008EE082 /* Release */,
			);
			defaultConfigurationIsVisible = 0;
			defaultConfigurationName = Release;
		};
		5633CC032B6D08F5008EE082 /* Build configuration list for PBXNativeTarget "SetLed" */ = {
			isa = XCConfigurationList;
			buildConfigurations = (
				5633CC042B6D08F5008EE082 /* Debug */,
				5633CC052B6D08F5008EE082 /* Release */,
			);
			defaultConfigurationIsVisible = 0;
			defaultConfigurationName = Release;
		};
/* End XCConfigurationList section */
	};
	rootObject = 5633CBF42B6D08F5008EE082 /* Project object */;
}
